
Microsoft Visual Studio Solution File, Format Version 12.00
# Visual Studio Version 17
VisualStudioVersion = 17.3.32819.101
MinimumVisualStudioVersion = 10.0.40219.1
Project("{FAE04EC0-301F-11D3-BF4B-00C04F79EFBC}") = "MrRochelleGuestLecture", "MrRochelleGuestLecture\MrRochelleGuestLecture.csproj", "{5C49F8DD-C284-453F-9C2C-E670E8CEAB8B}"
EndProject
Global
	GlobalSection(SolutionConfigurationPlatforms) = preSolution
		Debug|Any CPU = Debug|Any CPU
		Release|Any CPU = Release|Any CPU
	EndGlobalSection
	GlobalSection(ProjectConfigurationPlatforms) = postSolution
		{5C49F8DD-C284-453F-9C2C-E670E8CEAB8B}.Debug|Any CPU.ActiveCfg = Debug|Any CPU
		{5C49F8DD-C284-453F-9C2C-E670E8CEAB8B}.Debug|Any CPU.Build.0 = Debug|Any CPU
		{5C49F8DD-C284-453F-9C2C-E670E8CEAB8B}.Release|Any CPU.ActiveCfg = Release|Any CPU
		{5C49F8DD-C284-453F-9C2C-E670E8CEAB8B}.Release|Any CPU.Build.0 = Release|Any CPU
	EndGlobalSection
	GlobalSection(SolutionProperties) = preSolution
		HideSolutionNode = FALSE
	EndGlobalSection
	GlobalSection(ExtensibilityGlobals) = postSolution
		SolutionGuid = {729A2D2D-5160-4537-A8D4-07748B825201}
	EndGlobalSection
EndGlobal
